// !$*UTF8*$!
{
	archiveVersion = 1;
	classes = {
	};
	objectVersion = 48;
	objects = {

/* Begin PBXBuildFile section */
		FEF8D66621742E7A00EF8FDB /* AppDelegate.swift in Sources */ = {isa = PBXBuildFile; fileRef = FEF8D66521742E7A00EF8FDB /* AppDelegate.swift */; };
		FEF8D66821742E7A00EF8FDB /* ViewController.swift in Sources */ = {isa = PBXBuildFile; fileRef = FEF8D66721742E7A00EF8FDB /* ViewController.swift */; };
		FEF8D66B21742E7A00EF8FDB /* Main.storyboard in Resources */ = {isa = PBXBuildFile; fileRef = FEF8D66921742E7A00EF8FDB /* Main.storyboard */; };
		FEF8D66D21742E7A00EF8FDB /* Assets.xcassets in Resources */ = {isa = PBXBuildFile; fileRef = FEF8D66C21742E7A00EF8FDB /* Assets.xcassets */; };
		FEF8D67021742E7A00EF8FDB /* LaunchScreen.storyboard in Resources */ = {isa = PBXBuildFile; fileRef = FEF8D66E21742E7A00EF8FDB /* LaunchScreen.storyboard */; };
/* End PBXBuildFile section */

/* Begin PBXFileReference section */
		FEF8D66221742E7A00EF8FDB /* FindMyAge.app */ = {isa = PBXFileReference; explicitFileType = wrapper.application; includeInIndex = 0; path = FindMyAge.app; sourceTree = BUILT_PRODUCTS_DIR; };
		FEF8D66521742E7A00EF8FDB /* AppDelegate.swift */ = {isa = PBXFileReference; lastKnownFileType = sourcecode.swift; path = AppDelegate.swift; sourceTree = "<group>"; };
		FEF8D66721742E7A00EF8FDB /* ViewController.swift */ = {isa = PBXFileReference; lastKnownFileType = sourcecode.swift; path = ViewController.swift; sourceTree = "<group>"; };
		FEF8D66A21742E7A00EF8FDB /* Base */ = {isa = PBXFileReference; lastKnownFileType = file.storyboard; name = Base; path = Base.lproj/Main.storyboard; sourceTree = "<group>"; };
		FEF8D66C21742E7A00EF8FDB /* Assets.xcassets */ = {isa = PBXFileReference; lastKnownFileType = folder.assetcatalog; path = Assets.xcassets; sourceTree = "<group>"; };
		FEF8D66F21742E7A00EF8FDB /* Base */ = {isa = PBXFileReference; lastKnownFileType = file.storyboard; name = Base; path = Base.lproj/LaunchScreen.storyboard; sourceTree = "<group>"; };
		FEF8D67121742E7A00EF8FDB /* Info.plist */ = {isa = PBXFileReference; lastKnownFileType = text.plist.xml; path = Info.plist; sourceTree = "<group>"; };
/* End PBXFileReference section */

/* Begin PBXFrameworksBuildPhase section */
		FEF8D65F21742E7A00EF8FDB /* Frameworks */ = {
			isa = PBXFrameworksBuildPhase;
			buildActionMask = 2147483647;
			files = (
			);
			runOnlyForDeploymentPostprocessing = 0;
		};
/* End PBXFrameworksBuildPhase section */

/* Begin PBXGroup section */
		FEF8D65921742E7900EF8FDB = {
			isa = PBXGroup;
			children = (
				FEF8D66421742E7A00EF8FDB /* FindMyAge */,
				FEF8D66321742E7A00EF8FDB /* Products */,
			);
			sourceTree = "<group>";
		};
		FEF8D66321742E7A00EF8FDB /* Products */ = {
			isa = PBXGroup;
			children = (
				FEF8D66221742E7A00EF8FDB /* FindMyAge.app */,
			);
			name = Products;
			sourceTree = "<group>";
		};
		FEF8D66421742E7A00EF8FDB /* FindMyAge */ = {
			isa = PBXGroup;
			children = (
				FEF8D66521742E7A00EF8FDB /* AppDelegate.swift */,
				FEF8D66721742E7A00EF8FDB /* ViewController.swift */,
				FEF8D66921742E7A00EF8FDB /* Main.storyboard */,
				FEF8D66C21742E7A00EF8FDB /* Assets.xcassets */,
				FEF8D66E21742E7A00EF8FDB /* LaunchScreen.storyboard */,
				FEF8D67121742E7A00EF8FDB /* Info.plist */,
			);
			path = FindMyAge;
			sourceTree = "<group>";
		};
/* End PBXGroup section */

/* Begin PBXNativeTarget section */
		FEF8D66121742E7A00EF8FDB /* FindMyAge */ = {
			isa = PBXNativeTarget;
			buildConfigurationList = FEF8D67421742E7A00EF8FDB /* Build configuration list for PBXNativeTarget "FindMyAge" */;
			buildPhases = (
				FEF8D65E21742E7A00EF8FDB /* Sources */,
				FEF8D65F21742E7A00EF8FDB /* Frameworks */,
				FEF8D66021742E7A00EF8FDB /* Resources */,
			);
			buildRules = (
			);
			dependencies = (
			);
			name = FindMyAge;
			productName = FindMyAge;
			productReference = FEF8D66221742E7A00EF8FDB /* FindMyAge.app */;
			productType = "com.apple.product-type.application";
		};
/* End PBXNativeTarget section */

/* Begin PBXProject section */
		FEF8D65A21742E7900EF8FDB /* Project object */ = {
			isa = PBXProject;
			attributes = {
				LastSwiftUpdateCheck = 0920;
				LastUpgradeCheck = 0920;
				ORGANIZATIONNAME = MoreriProject;
				TargetAttributes = {
					FEF8D66121742E7A00EF8FDB = {
						CreatedOnToolsVersion = 9.2;
						ProvisioningStyle = Automatic;
					};
				};
			};
			buildConfigurationList = FEF8D65D21742E7900EF8FDB /* Build configuration list for PBXProject "FindMyAge" */;
			compatibilityVersion = "Xcode 8.0";
			developmentRegion = en;
			hasScannedForEncodings = 0;
			knownRegions = (
				en,
				Base,
			);
			mainGroup = FEF8D65921742E7900EF8FDB;
			productRefGroup = FEF8D66321742E7A00EF8FDB /* Products */;
			projectDirPath = "";
			projectRoot = "";
			targets = (
				FEF8D66121742E7A00EF8FDB /* FindMyAge */,
			);
		};
/* End PBXProject section */

/* Begin PBXResourcesBuildPhase section */
		FEF8D66021742E7A00EF8FDB /* Resources */ = {
			isa = PBXResourcesBuildPhase;
			buildActionMask = 2147483647;
			files = (
				FEF8D67021742E7A00EF8FDB /* LaunchScreen.storyboard in Resources */,
				FEF8D66D21742E7A00EF8FDB /* Assets.xcassets in Resources */,
				FEF8D66B21742E7A00EF8FDB /* Main.storyboard in Resources */,
			);
			runOnlyForDeploymentPostprocessing = 0;
		};
/* End PBXResourcesBuildPhase section */

/* Begin PBXSourcesBuildPhase section */
		FEF8D65E21742E7A00EF8FDB /* Sources */ = {
			isa = PBXSourcesBuildPhase;
			buildActionMask = 2147483647;
			files = (
				FEF8D66821742E7A00EF8FDB /* ViewController.swift in Sources */,
				FEF8D66621742E7A00EF8FDB /* AppDelegate.swift in Sources */,
			);
			runOnlyForDeploymentPostprocessing = 0;
		};
/* End PBXSourcesBuildPhase section */

/* Begin PBXVariantGroup section */
		FEF8D66921742E7A00EF8FDB /* Main.storyboard */ = {
			isa = PBXVariantGroup;
			children = (
				FEF8D66A21742E7A00EF8FDB /* Base */,
			);
			name = Main.storyboard;
			sourceTree = "<group>";
		};
		FEF8D66E21742E7A00EF8FDB /* LaunchScreen.storyboard */ = {
			isa = PBXVariantGroup;
			children = (
				FEF8D66F21742E7A00EF8FDB /* Base */,
			);
			name = LaunchScreen.storyboard;
			sourceTree = "<group>";
		};
/* End PBXVariantGroup section */

/* Begin XCBuildConfiguration section */
		FEF8D67221742E7A00EF8FDB /* Debug */ = {
			isa = XCBuildConfiguration;
			buildSettings = {
				ALWAYS_SEARCH_USER_PATHS = NO;
				CLANG_ANALYZER_NONNULL = YES;
				CLANG_ANALYZER_NUMBER_OBJECT_CONVERSION = YES_AGGRESSIVE;
				CLANG_CXX_LANGUAGE_STANDARD = "gnu++14";
				CLANG_CXX_LIBRARY = "libc++";
				CLANG_ENABLE_MODULES = YES;
				CLANG_ENABLE_OBJC_ARC = YES;
				CLANG_WARN_BLOCK_CAPTURE_AUTORELEASING = YES;
				CLANG_WARN_BOOL_CONVERSION = YES;
				CLANG_WARN_COMMA = YES;
				CLANG_WARN_CONSTANT_CONVERSION = YES;
				CLANG_WARN_DIRECT_OBJC_ISA_USAGE = YES_ERROR;
				CLANG_WARN_DOCUMENTATION_COMMENTS = YES;
				CLANG_WARN_EMPTY_BODY = YES;
				CLANG_WARN_ENUM_CONVERSION = YES;
				CLANG_WARN_INFINITE_RECURSION = YES;
				CLANG_WARN_INT_CONVERSION = YES;
				CLANG_WARN_NON_LITERAL_NULL_CONVERSION = YES;
				CLANG_WARN_OBJC_LITERAL_CONVERSION = YES;
				CLANG_WARN_OBJC_ROOT_CLASS = YES_ERROR;
				CLANG_WARN_RANGE_LOOP_ANALYSIS = YES;
				CLANG_WARN_STRICT_PROTOTYPES = YES;
				CLANG_WARN_SUSPICIOUS_MOVE = YES;
				CLANG_WARN_UNGUARDED_AVAILABILITY = YES_AGGRESSIVE;
				CLANG_WARN_UNREACHABLE_CODE = YES;
				CLANG_WARN__DUPLICATE_METHOD_MATCH = YES;
				CODE_SIGN_IDENTITY = "iPhone Developer";
				COPY_PHASE_STRIP = NO;
				DEBUG_INFORMATION_FORMAT = dwarf;
				ENABLE_STRICT_OBJC_MSGSEND = YES;
				ENABLE_TESTABILITY = YES;
				GCC_C_LANGUAGE_STANDARD = gnu11;
				GCC_DYNAMIC_NO_PIC = NO;
				GCC_NO_COMMON_BLOCKS = YES;
				GCC_OPTIMIZATION_LEVEL = 0;
				GCC_PREPROCESSOR_DEFINITIONS = (
					"DEBUG=1",
					"$(inherited)",
				);
				GCC_WARN_64_TO_32_BIT_CONVERSION = YES;
				GCC_WARN_ABOUT_RETURN_TYPE = YES_ERROR;
				GCC_WARN_UNDECLARED_SELECTOR = YES;
				GCC_WARN_UNINITIALIZED_AUTOS = YES_AGGRESSIVE;
				GCC_WARN_UNUSED_FUNCTION = YES;
				GCC_WARN_UNUSED_VARIABLE = YES;
				IPHONEOS_DEPLOYMENT_TARGET = 11.2;
				MTL_ENABLE_DEBUG_INFO = YES;
				ONLY_ACTIVE_ARCH = YES;
				SDKROOT = iphoneos;
				SWIFT_ACTIVE_COMPILATION_CONDITIONS = DEBUG;
				SWIFT_OPTIMIZATION_LEVEL = "-Onone";
			};
			name = Debug;
		};
		FEF8D67321742E7A00EF8FDB /* Release */ = {
			isa = XCBuildConfiguration;
			buildSettings = {
				ALWAYS_SEARCH_USER_PATHS = NO;
				CLANG_ANALYZER_NONNULL = YES;
				CLANG_ANALYZER_NUMBER_OBJECT_CONVERSION = YES_AGGRESSIVE;
				CLANG_CXX_LANGUAGE_STANDARD = "gnu++14";
				CLANG_CXX_LIBRARY = "libc++";
				CLANG_ENABLE_MODULES = YES;
				CLANG_ENABLE_OBJC_ARC = YES;
				CLANG_WARN_BLOCK_CAPTURE_AUTORELEASING = YES;
				CLANG_WARN_BOOL_CONVERSION = YES;
				CLANG_WARN_COMMA = YES;
				CLANG_WARN_CONSTANT_CONVERSION = YES;
				CLANG_WARN_DIRECT_OBJC_ISA_USAGE = YES_ERROR;
				CLANG_WARN_DOCUMENTATION_COMMENTS = YES;
				CLANG_WARN_EMPTY_BODY = YES;
				CLANG_WARN_ENUM_CONVERSION = YES;
				CLANG_WARN_INFINITE_RECURSION = YES;
				CLANG_WARN_INT_CONVERSION = YES;
				CLANG_WARN_NON_LITERAL_NULL_CONVERSION = YES;
				CLANG_WARN_OBJC_LITERAL_CONVERSION = YES;
				CLANG_WARN_OBJC_ROOT_CLASS = YES_ERROR;
				CLANG_WARN_RANGE_LOOP_ANALYSIS = YES;
				CLANG_WARN_STRICT_PROTOTYPES = YES;
				CLANG_WARN_SUSPICIOUS_MOVE = YES;
				CLANG_WARN_UNGUARDED_AVAILABILITY = YES_AGGRESSIVE;
				CLANG_WARN_UNREACHABLE_CODE = YES;
				CLANG_WARN__DUPLICATE_METHOD_MATCH = YES;
				CODE_SIGN_IDENTITY = "iPhone Developer";
				COPY_PHASE_STRIP = NO;
				DEBUG_INFORMATION_FORMAT = "dwarf-with-dsym";
				ENABLE_NS_ASSERTIONS = NO;
				ENABLE_STRICT_OBJC_MSGSEND = YES;
				GCC_C_LANGUAGE_STANDARD = gnu11;
				GCC_NO_COMMON_BLOCKS = YES;
				GCC_WARN_64_TO_32_BIT_CONVERSION = YES;
				GCC_WARN_ABOUT_RETURN_TYPE = YES_ERROR;
				GCC_WARN_UNDECLARED_SELECTOR = YES;
				GCC_WARN_UNINITIALIZED_AUTOS = YES_AGGRESSIVE;
				GCC_WARN_UNUSED_FUNCTION = YES;
				GCC_WARN_UNUSED_VARIABLE = YES;
				IPHONEOS_DEPLOYMENT_TARGET = 11.2;
				MTL_ENABLE_DEBUG_INFO = NO;
				SDKROOT = iphoneos;
				SWIFT_OPTIMIZATION_LEVEL = "-Owholemodule";
				VALIDATE_PRODUCT = YES;
			};
			name = Release;
		};
		FEF8D67521742E7A00EF8FDB /* Debug */ = {
			isa = XCBuildConfiguration;
			buildSettings = {
				ASSETCATALOG_COMPILER_APPICON_NAME = AppIcon;
				CODE_SIGN_STYLE = Automatic;
				DEVELOPMENT_TEAM = Y98RHN52WG;
				INFOPLIST_FILE = FindMyAge/Info.plist;
				LD_RUNPATH_SEARCH_PATHS = "$(inherited) @executable_path/Frameworks";
				PRODUCT_BUNDLE_IDENTIFIER = MoreriProject.FindMyAge;
				PRODUCT_NAME = "$(TARGET_NAME)";
				SWIFT_VERSION = 4.0;
				TARGETED_DEVICE_FAMILY = "1,2";
			};
			name = Debug;
		};
		FEF8D67621742E7A00EF8FDB /* Release */ = {
			isa = XCBuildConfiguration;
			buildSettings = {
				ASSETCATALOG_COMPILER_APPICON_NAME = AppIcon;
				CODE_SIGN_STYLE = Automatic;
				DEVELOPMENT_TEAM = Y98RHN52WG;
				INFOPLIST_FILE = FindMyAge/Info.plist;
				LD_RUNPATH_SEARCH_PATHS = "$(inherited) @executable_path/Frameworks";
				PRODUCT_BUNDLE_IDENTIFIER = MoreriProject.FindMyAge;
				PRODUCT_NAME = "$(TARGET_NAME)";
				SWIFT_VERSION = 4.0;
				TARGETED_DEVICE_FAMILY = "1,2";
			};
			name = Release;
		};
/* End XCBuildConfiguration section */

/* Begin XCConfigurationList section */
		FEF8D65D21742E7900EF8FDB /* Build configuration list for PBXProject "FindMyAge" */ = {
			isa = XCConfigurationList;
			buildConfigurations = (
				FEF8D67221742E7A00EF8FDB /* Debug */,
				FEF8D67321742E7A00EF8FDB /* Release */,
			);
			defaultConfigurationIsVisible = 0;
			defaultConfigurationName = Release;
		};
		FEF8D67421742E7A00EF8FDB /* Build configuration list for PBXNativeTarget "FindMyAge" */ = {
			isa = XCConfigurationList;
			buildConfigurations = (
				FEF8D67521742E7A00EF8FDB /* Debug */,
				FEF8D67621742E7A00EF8FDB /* Release */,
			);
			defaultConfigurationIsVisible = 0;
			defaultConfigurationName = Release;
		};
/* End XCConfigurationList section */
	};
	rootObject = FEF8D65A21742E7900EF8FDB /* Project object */;
}
